PODS:
  - Flutter (1.0.0)
  - flutter_tesseract_ocr (0.3.4):
    - Flutter
    - SwiftyTesseract
  - SwiftyTesseract (3.1.3)

DEPENDENCIES:
  - Flutter (from `Flutter`)
  - flutter_tesseract_ocr (from `.symlinks/plugins/flutter_tesseract_ocr/ios`)

SPEC REPOS:
  trunk:
    - SwiftyTesseract

EXTERNAL SOURCES:
  Flutter:
    :path: Flutter
  flutter_tesseract_ocr:
    :path: ".symlinks/plugins/flutter_tesseract_ocr/ios"

SPEC CHECKSUMS:
  Flutter: 71a624a5bc0c04062bf19101d501e466baf2fb47
  flutter_tesseract_ocr: c01971df9e5817a08563298b8ce571fa10e164f1
  SwiftyTesseract: 1f3d96668ae92dc2208d9842c8a59bea9fad2cbb

PODFILE CHECKSUM: 84d366df566502b5da2999a1c688a4363b837ce1

COCOAPODS: 1.16.2
